
Microsoft Visual Studio Solution File, Format Version 12.00
# Visual Studio Version 16
VisualStudioVersion = 16.0.30523.141
MinimumVisualStudioVersion = 10.0.40219.1
Project("{FAE04EC0-301F-11D3-BF4B-00C04F79EFBC}") = "WebEducation", "WebEducation.csproj", "{7B6581BA-8A03-4895-A355-042929B99EB5}"
EndProject
Global
	GlobalSection(SolutionConfigurationPlatforms) = preSolution
		Debug|Any CPU = Debug|Any CPU
		Release|Any CPU = Release|Any CPU
	EndGlobalSection
	GlobalSection(ProjectConfigurationPlatforms) = postSolution
		{7B6581BA-8A03-4895-A355-042929B99EB5}.Debug|Any CPU.ActiveCfg = Debug|Any CPU
		{7B6581BA-8A03-4895-A355-042929B99EB5}.Debug|Any CPU.Build.0 = Debug|Any CPU
		{7B6581BA-8A03-4895-A355-042929B99EB5}.Release|Any CPU.ActiveCfg = Release|Any CPU
		{7B6581BA-8A03-4895-A355-042929B99EB5}.Release|Any CPU.Build.0 = Release|Any CPU
	EndGlobalSection
	GlobalSection(SolutionProperties) = preSolution
		HideSolutionNode = FALSE
	EndGlobalSection
	GlobalSection(ExtensibilityGlobals) = postSolution
		SolutionGuid = {7A5C657B-0C76-4C0B-852A-AD8A91BD870F}
	EndGlobalSection
EndGlobal
